// !$*UTF8*$!
{
	archiveVersion = 1;
	classes = {
	};
	objectVersion = 46;
	objects = {

/* Begin PBXBuildFile section */
		6BDF4DD3C5195CF766408AC0 /* libPods.a in Frameworks */ = {isa = PBXBuildFile; fileRef = C22FB3626E5536653E98802A /* libPods.a */; };
		D011F5231BC959E70084DDDF /* CrushGauge.html in Resources */ = {isa = PBXBuildFile; fileRef = D011F5221BC959E70084DDDF /* CrushGauge.html */; };
		D011F5261BC9FAD10084DDDF /* UIColor+HexColorCode.m in Sources */ = {isa = PBXBuildFile; fileRef = D011F5251BC9FAD10084DDDF /* UIColor+HexColorCode.m */; };
		D0342F351BC887E20048995B /* main.m in Sources */ = {isa = PBXBuildFile; fileRef = D0342F341BC887E20048995B /* main.m */; };
		D0342F381BC887E20048995B /* AppDelegate.m in Sources */ = {isa = PBXBuildFile; fileRef = D0342F371BC887E20048995B /* AppDelegate.m */; };
		D0342F3B1BC887E20048995B /* OzTrack.xcdatamodeld in Sources */ = {isa = PBXBuildFile; fileRef = D0342F391BC887E20048995B /* OzTrack.xcdatamodeld */; };
		D0342F3E1BC887E20048995B /* ViewController.m in Sources */ = {isa = PBXBuildFile; fileRef = D0342F3D1BC887E20048995B /* ViewController.m */; };
		D0342F411BC887E20048995B /* Main.storyboard in Resources */ = {isa = PBXBuildFile; fileRef = D0342F3F1BC887E20048995B /* Main.storyboard */; };
		D0342F431BC887E20048995B /* Images.xcassets in Resources */ = {isa = PBXBuildFile; fileRef = D0342F421BC887E20048995B /* Images.xcassets */; };
		D0342F461BC887E20048995B /* LaunchScreen.xib in Resources */ = {isa = PBXBuildFile; fileRef = D0342F441BC887E20048995B /* LaunchScreen.xib */; };
		D0342F521BC887E20048995B /* OzTrackTests.m in Sources */ = {isa = PBXBuildFile; fileRef = D0342F511BC887E20048995B /* OzTrackTests.m */; };
		D0AA4B441BC8957900B68589 /* OZ_logo.png in Resources */ = {isa = PBXBuildFile; fileRef = D0AA4B431BC8957900B68589 /* OZ_logo.png */; };
		D0AA4B491BC89B1E00B68589 /* Services.m in Sources */ = {isa = PBXBuildFile; fileRef = D0AA4B481BC89B1E00B68589 /* Services.m */; };
		D0AA4B521BC8A5D400B68589 /* DetailViewController.m in Sources */ = {isa = PBXBuildFile; fileRef = D0AA4B511BC8A5D400B68589 /* DetailViewController.m */; };
		D0AA4B551BC8C00B00B68589 /* BlendTarget.m in Sources */ = {isa = PBXBuildFile; fileRef = D0AA4B541BC8C00B00B68589 /* BlendTarget.m */; };
		D0AA4B581BC8CADD00B68589 /* Truck.m in Sources */ = {isa = PBXBuildFile; fileRef = D0AA4B571BC8CADD00B68589 /* Truck.m */; };
		D0AA4B5B1BC8CB5B00B68589 /* Crusher.m in Sources */ = {isa = PBXBuildFile; fileRef = D0AA4B5A1BC8CB5B00B68589 /* Crusher.m */; };
		D0AA4B5F1BC8DB8E00B68589 /* Icon-60@2x.png in Resources */ = {isa = PBXBuildFile; fileRef = D0AA4B5D1BC8DB8E00B68589 /* Icon-60@2x.png */; };
		D0AA4B601BC8DB8E00B68589 /* Icon-60@3x.png in Resources */ = {isa = PBXBuildFile; fileRef = D0AA4B5E1BC8DB8E00B68589 /* Icon-60@3x.png */; };
		D0AA4B641BC90B0600B68589 /* TargetTableViewCell.m in Sources */ = {isa = PBXBuildFile; fileRef = D0AA4B621BC90B0600B68589 /* TargetTableViewCell.m */; };
		D0AA4B651BC90B0600B68589 /* TargetTableViewCell.xib in Resources */ = {isa = PBXBuildFile; fileRef = D0AA4B631BC90B0600B68589 /* TargetTableViewCell.xib */; };
/* End PBXBuildFile section */

/* Begin PBXContainerItemProxy section */
		D0342F4C1BC887E20048995B /* PBXContainerItemProxy */ = {
			isa = PBXContainerItemProxy;
			containerPortal = D0342F271BC887E20048995B /* Project object */;
			proxyType = 1;
			remoteGlobalIDString = D0342F2E1BC887E20048995B;
			remoteInfo = OzTrack;
		};
/* End PBXContainerItemProxy section */

/* Begin PBXFileReference section */
		7BA484DCF624C6C4AD47EE68 /* Pods.release.xcconfig */ = {isa = PBXFileReference; includeInIndex = 1; lastKnownFileType = text.xcconfig; name = Pods.release.xcconfig; path = "Pods/Target Support Files/Pods/Pods.release.xcconfig"; sourceTree = "<group>"; };
		C22FB3626E5536653E98802A /* libPods.a */ = {isa = PBXFileReference; explicitFileType = archive.ar; includeInIndex = 0; path = libPods.a; sourceTree = BUILT_PRODUCTS_DIR; };
		D011F5221BC959E70084DDDF /* CrushGauge.html */ = {isa = PBXFileReference; fileEncoding = 4; lastKnownFileType = text.html; path = CrushGauge.html; sourceTree = "<group>"; };
		D011F5241BC9FAD10084DDDF /* UIColor+HexColorCode.h */ = {isa = PBXFileReference; fileEncoding = 4; lastKnownFileType = sourcecode.c.h; path = "UIColor+HexColorCode.h"; sourceTree = "<group>"; };
		D011F5251BC9FAD10084DDDF /* UIColor+HexColorCode.m */ = {isa = PBXFileReference; fileEncoding = 4; lastKnownFileType = sourcecode.c.objc; path = "UIColor+HexColorCode.m"; sourceTree = "<group>"; };
		D0342F2F1BC887E20048995B /* OzTrack.app */ = {isa = PBXFileReference; explicitFileType = wrapper.application; includeInIndex = 0; path = OzTrack.app; sourceTree = BUILT_PRODUCTS_DIR; };
		D0342F331BC887E20048995B /* Info.plist */ = {isa = PBXFileReference; lastKnownFileType = text.plist.xml; path = Info.plist; sourceTree = "<group>"; };
		D0342F341BC887E20048995B /* main.m */ = {isa = PBXFileReference; lastKnownFileType = sourcecode.c.objc; path = main.m; sourceTree = "<group>"; };
		D0342F361BC887E20048995B /* AppDelegate.h */ = {isa = PBXFileReference; lastKnownFileType = sourcecode.c.h; path = AppDelegate.h; sourceTree = "<group>"; };
		D0342F371BC887E20048995B /* AppDelegate.m */ = {isa = PBXFileReference; lastKnownFileType = sourcecode.c.objc; path = AppDelegate.m; sourceTree = "<group>"; };
		D0342F3A1BC887E20048995B /* OzTrack.xcdatamodel */ = {isa = PBXFileReference; lastKnownFileType = wrapper.xcdatamodel; path = OzTrack.xcdatamodel; sourceTree = "<group>"; };
		D0342F3C1BC887E20048995B /* ViewController.h */ = {isa = PBXFileReference; lastKnownFileType = sourcecode.c.h; path = ViewController.h; sourceTree = "<group>"; };
		D0342F3D1BC887E20048995B /* ViewController.m */ = {isa = PBXFileReference; lastKnownFileType = sourcecode.c.objc; path = ViewController.m; sourceTree = "<group>"; };
		D0342F401BC887E20048995B /* Base */ = {isa = PBXFileReference; lastKnownFileType = file.storyboard; name = Base; path = Base.lproj/Main.storyboard; sourceTree = "<group>"; };
		D0342F421BC887E20048995B /* Images.xcassets */ = {isa = PBXFileReference; lastKnownFileType = folder.assetcatalog; path = Images.xcassets; sourceTree = "<group>"; };
		D0342F451BC887E20048995B /* Base */ = {isa = PBXFileReference; lastKnownFileType = file.xib; name = Base; path = Base.lproj/LaunchScreen.xib; sourceTree = "<group>"; };
		D0342F4B1BC887E20048995B /* OzTrackTests.xctest */ = {isa = PBXFileReference; explicitFileType = wrapper.cfbundle; includeInIndex = 0; path = OzTrackTests.xctest; sourceTree = BUILT_PRODUCTS_DIR; };
		D0342F501BC887E20048995B /* Info.plist */ = {isa = PBXFileReference; lastKnownFileType = text.plist.xml; path = Info.plist; sourceTree = "<group>"; };
		D0342F511BC887E20048995B /* OzTrackTests.m */ = {isa = PBXFileReference; lastKnownFileType = sourcecode.c.objc; path = OzTrackTests.m; sourceTree = "<group>"; };
		D0AA4B431BC8957900B68589 /* OZ_logo.png */ = {isa = PBXFileReference; lastKnownFileType = image.png; path = OZ_logo.png; sourceTree = "<group>"; };
		D0AA4B471BC89B1E00B68589 /* Services.h */ = {isa = PBXFileReference; fileEncoding = 4; lastKnownFileType = sourcecode.c.h; path = Services.h; sourceTree = "<group>"; };
		D0AA4B481BC89B1E00B68589 /* Services.m */ = {isa = PBXFileReference; fileEncoding = 4; lastKnownFileType = sourcecode.c.objc; path = Services.m; sourceTree = "<group>"; };
		D0AA4B501BC8A5D400B68589 /* DetailViewController.h */ = {isa = PBXFileReference; fileEncoding = 4; lastKnownFileType = sourcecode.c.h; path = DetailViewController.h; sourceTree = "<group>"; };
		D0AA4B511BC8A5D400B68589 /* DetailViewController.m */ = {isa = PBXFileReference; fileEncoding = 4; lastKnownFileType = sourcecode.c.objc; path = DetailViewController.m; sourceTree = "<group>"; };
		D0AA4B531BC8C00B00B68589 /* BlendTarget.h */ = {isa = PBXFileReference; fileEncoding = 4; lastKnownFileType = sourcecode.c.h; path = BlendTarget.h; sourceTree = "<group>"; };
		D0AA4B541BC8C00B00B68589 /* BlendTarget.m */ = {isa = PBXFileReference; fileEncoding = 4; lastKnownFileType = sourcecode.c.objc; path = BlendTarget.m; sourceTree = "<group>"; };
		D0AA4B561BC8CADD00B68589 /* Truck.h */ = {isa = PBXFileReference; fileEncoding = 4; lastKnownFileType = sourcecode.c.h; path = Truck.h; sourceTree = "<group>"; };
		D0AA4B571BC8CADD00B68589 /* Truck.m */ = {isa = PBXFileReference; fileEncoding = 4; lastKnownFileType = sourcecode.c.objc; path = Truck.m; sourceTree = "<group>"; };
		D0AA4B591BC8CB5B00B68589 /* Crusher.h */ = {isa = PBXFileReference; fileEncoding = 4; lastKnownFileType = sourcecode.c.h; path = Crusher.h; sourceTree = "<group>"; };
		D0AA4B5A1BC8CB5B00B68589 /* Crusher.m */ = {isa = PBXFileReference; fileEncoding = 4; lastKnownFileType = sourcecode.c.objc; path = Crusher.m; sourceTree = "<group>"; };
		D0AA4B5C1BC8D2C400B68589 /* PrefixHeader.pch */ = {isa = PBXFileReference; lastKnownFileType = sourcecode.c.h; path = PrefixHeader.pch; sourceTree = "<group>"; };
		D0AA4B5D1BC8DB8E00B68589 /* Icon-60@2x.png */ = {isa = PBXFileReference; lastKnownFileType = image.png; path = "Icon-60@2x.png"; sourceTree = "<group>"; };
		D0AA4B5E1BC8DB8E00B68589 /* Icon-60@3x.png */ = {isa = PBXFileReference; lastKnownFileType = image.png; path = "Icon-60@3x.png"; sourceTree = "<group>"; };
		D0AA4B611BC90B0600B68589 /* TargetTableViewCell.h */ = {isa = PBXFileReference; fileEncoding = 4; lastKnownFileType = sourcecode.c.h; path = TargetTableViewCell.h; sourceTree = "<group>"; };
		D0AA4B621BC90B0600B68589 /* TargetTableViewCell.m */ = {isa = PBXFileReference; fileEncoding = 4; lastKnownFileType = sourcecode.c.objc; path = TargetTableViewCell.m; sourceTree = "<group>"; };
		D0AA4B631BC90B0600B68589 /* TargetTableViewCell.xib */ = {isa = PBXFileReference; fileEncoding = 4; lastKnownFileType = file.xib; path = TargetTableViewCell.xib; sourceTree = "<group>"; };
		E97684DA9F84131D7788C8B0 /* Pods.debug.xcconfig */ = {isa = PBXFileReference; includeInIndex = 1; lastKnownFileType = text.xcconfig; name = Pods.debug.xcconfig; path = "Pods/Target Support Files/Pods/Pods.debug.xcconfig"; sourceTree = "<group>"; };
/* End PBXFileReference section */

/* Begin PBXFrameworksBuildPhase section */
		D0342F2C1BC887E20048995B /* Frameworks */ = {
			isa = PBXFrameworksBuildPhase;
			buildActionMask = 2147483647;
			files = (
				6BDF4DD3C5195CF766408AC0 /* libPods.a in Frameworks */,
			);
			runOnlyForDeploymentPostprocessing = 0;
		};
		D0342F481BC887E20048995B /* Frameworks */ = {
			isa = PBXFrameworksBuildPhase;
			buildActionMask = 2147483647;
			files = (
			);
			runOnlyForDeploymentPostprocessing = 0;
		};
/* End PBXFrameworksBuildPhase section */

/* Begin PBXGroup section */
		8207DC4C72B813A9DDD4193B /* Frameworks */ = {
			isa = PBXGroup;
			children = (
				C22FB3626E5536653E98802A /* libPods.a */,
			);
			name = Frameworks;
			sourceTree = "<group>";
		};
		D0342F261BC887E20048995B = {
			isa = PBXGroup;
			children = (
				D0AA4B5C1BC8D2C400B68589 /* PrefixHeader.pch */,
				D0AA4B411BC8957900B68589 /* Resources */,
				D0342F311BC887E20048995B /* OzTrack */,
				D0342F4E1BC887E20048995B /* OzTrackTests */,
				D0342F301BC887E20048995B /* Products */,
				F362062648B36998E513EB4D /* Pods */,
				8207DC4C72B813A9DDD4193B /* Frameworks */,
			);
			sourceTree = "<group>";
		};
		D0342F301BC887E20048995B /* Products */ = {
			isa = PBXGroup;
			children = (
				D0342F2F1BC887E20048995B /* OzTrack.app */,
				D0342F4B1BC887E20048995B /* OzTrackTests.xctest */,
			);
			name = Products;
			sourceTree = "<group>";
		};
		D0342F311BC887E20048995B /* OzTrack */ = {
			isa = PBXGroup;
			children = (
				D011F5241BC9FAD10084DDDF /* UIColor+HexColorCode.h */,
				D011F5251BC9FAD10084DDDF /* UIColor+HexColorCode.m */,
				D0342F361BC887E20048995B /* AppDelegate.h */,
				D0342F371BC887E20048995B /* AppDelegate.m */,
				D0342F3C1BC887E20048995B /* ViewController.h */,
				D0342F3D1BC887E20048995B /* ViewController.m */,
				D0AA4B471BC89B1E00B68589 /* Services.h */,
				D0AA4B481BC89B1E00B68589 /* Services.m */,
				D0342F3F1BC887E20048995B /* Main.storyboard */,
				D0342F421BC887E20048995B /* Images.xcassets */,
				D0342F441BC887E20048995B /* LaunchScreen.xib */,
				D0342F391BC887E20048995B /* OzTrack.xcdatamodeld */,
				D0342F321BC887E20048995B /* Supporting Files */,
				D0AA4B501BC8A5D400B68589 /* DetailViewController.h */,
				D0AA4B511BC8A5D400B68589 /* DetailViewController.m */,
				D0AA4B531BC8C00B00B68589 /* BlendTarget.h */,
				D0AA4B541BC8C00B00B68589 /* BlendTarget.m */,
				D0AA4B561BC8CADD00B68589 /* Truck.h */,
				D0AA4B571BC8CADD00B68589 /* Truck.m */,
				D0AA4B591BC8CB5B00B68589 /* Crusher.h */,
				D0AA4B5A1BC8CB5B00B68589 /* Crusher.m */,
				D0AA4B611BC90B0600B68589 /* TargetTableViewCell.h */,
				D0AA4B621BC90B0600B68589 /* TargetTableViewCell.m */,
				D0AA4B631BC90B0600B68589 /* TargetTableViewCell.xib */,
			);
			path = OzTrack;
			sourceTree = "<group>";
		};
		D0342F321BC887E20048995B /* Supporting Files */ = {
			isa = PBXGroup;
			children = (
				D0342F331BC887E20048995B /* Info.plist */,
				D0342F341BC887E20048995B /* main.m */,
			);
			name = "Supporting Files";
			sourceTree = "<group>";
		};
		D0342F4E1BC887E20048995B /* OzTrackTests */ = {
			isa = PBXGroup;
			children = (
				D0342F511BC887E20048995B /* OzTrackTests.m */,
				D0342F4F1BC887E20048995B /* Supporting Files */,
			);
			path = OzTrackTests;
			sourceTree = "<group>";
		};
		D0342F4F1BC887E20048995B /* Supporting Files */ = {
			isa = PBXGroup;
			children = (
				D0342F501BC887E20048995B /* Info.plist */,
			);
			name = "Supporting Files";
			sourceTree = "<group>";
		};
		D0AA4B411BC8957900B68589 /* Resources */ = {
			isa = PBXGroup;
			children = (
				D011F5221BC959E70084DDDF /* CrushGauge.html */,
				D0AA4B421BC8957900B68589 /* images */,
			);
			path = Resources;
			sourceTree = "<group>";
		};
		D0AA4B421BC8957900B68589 /* images */ = {
			isa = PBXGroup;
			children = (
				D0AA4B5D1BC8DB8E00B68589 /* Icon-60@2x.png */,
				D0AA4B5E1BC8DB8E00B68589 /* Icon-60@3x.png */,
				D0AA4B431BC8957900B68589 /* OZ_logo.png */,
			);
			path = images;
			sourceTree = "<group>";
		};
		F362062648B36998E513EB4D /* Pods */ = {
			isa = PBXGroup;
			children = (
				E97684DA9F84131D7788C8B0 /* Pods.debug.xcconfig */,
				7BA484DCF624C6C4AD47EE68 /* Pods.release.xcconfig */,
			);
			name = Pods;
			sourceTree = "<group>";
		};
/* End PBXGroup section */

/* Begin PBXNativeTarget section */
		D0342F2E1BC887E20048995B /* OzTrack */ = {
			isa = PBXNativeTarget;
			buildConfigurationList = D0342F551BC887E20048995B /* Build configuration list for PBXNativeTarget "OzTrack" */;
			buildPhases = (
				D0411E3058061054EA9D9E05 /* Check Pods Manifest.lock */,
				D0342F2B1BC887E20048995B /* Sources */,
				D0342F2C1BC887E20048995B /* Frameworks */,
				D0342F2D1BC887E20048995B /* Resources */,
				EB61C33D7B6B923CAE16D0ED /* Copy Pods Resources */,
			);
			buildRules = (
			);
			dependencies = (
			);
			name = OzTrack;
			productName = OzTrack;
			productReference = D0342F2F1BC887E20048995B /* OzTrack.app */;
			productType = "com.apple.product-type.application";
		};
		D0342F4A1BC887E20048995B /* OzTrackTests */ = {
			isa = PBXNativeTarget;
			buildConfigurationList = D0342F581BC887E20048995B /* Build configuration list for PBXNativeTarget "OzTrackTests" */;
			buildPhases = (
				D0342F471BC887E20048995B /* Sources */,
				D0342F481BC887E20048995B /* Frameworks */,
				D0342F491BC887E20048995B /* Resources */,
			);
			buildRules = (
			);
			dependencies = (
				D0342F4D1BC887E20048995B /* PBXTargetDependency */,
			);
			name = OzTrackTests;
			productName = OzTrackTests;
			productReference = D0342F4B1BC887E20048995B /* OzTrackTests.xctest */;
			productType = "com.apple.product-type.bundle.unit-test";
		};
/* End PBXNativeTarget section */

/* Begin PBXProject section */
		D0342F271BC887E20048995B /* Project object */ = {
			isa = PBXProject;
			attributes = {
				LastUpgradeCheck = 0600;
				ORGANIZATIONNAME = Unearthed;
				TargetAttributes = {
					D0342F2E1BC887E20048995B = {
						CreatedOnToolsVersion = 6.0.1;
					};
					D0342F4A1BC887E20048995B = {
						CreatedOnToolsVersion = 6.0.1;
						TestTargetID = D0342F2E1BC887E20048995B;
					};
				};
			};
			buildConfigurationList = D0342F2A1BC887E20048995B /* Build configuration list for PBXProject "OzTrack" */;
			compatibilityVersion = "Xcode 3.2";
			developmentRegion = English;
			hasScannedForEncodings = 0;
			knownRegions = (
				en,
				Base,
			);
			mainGroup = D0342F261BC887E20048995B;
			productRefGroup = D0342F301BC887E20048995B /* Products */;
			projectDirPath = "";
			projectRoot = "";
			targets = (
				D0342F2E1BC887E20048995B /* OzTrack */,
				D0342F4A1BC887E20048995B /* OzTrackTests */,
			);
		};
/* End PBXProject section */

/* Begin PBXResourcesBuildPhase section */
		D0342F2D1BC887E20048995B /* Resources */ = {
			isa = PBXResourcesBuildPhase;
			buildActionMask = 2147483647;
			files = (
				D011F5231BC959E70084DDDF /* CrushGauge.html in Resources */,
				D0AA4B651BC90B0600B68589 /* TargetTableViewCell.xib in Resources */,
				D0AA4B601BC8DB8E00B68589 /* Icon-60@3x.png in Resources */,
				D0342F411BC887E20048995B /* Main.storyboard in Resources */,
				D0AA4B5F1BC8DB8E00B68589 /* Icon-60@2x.png in Resources */,
				D0342F461BC887E20048995B /* LaunchScreen.xib in Resources */,
				D0342F431BC887E20048995B /* Images.xcassets in Resources */,
				D0AA4B441BC8957900B68589 /* OZ_logo.png in Resources */,
			);
			runOnlyForDeploymentPostprocessing = 0;
		};
		D0342F491BC887E20048995B /* Resources */ = {
			isa = PBXResourcesBuildPhase;
			buildActionMask = 2147483647;
			files = (
			);
			runOnlyForDeploymentPostprocessing = 0;
		};
/* End PBXResourcesBuildPhase section */

/* Begin PBXShellScriptBuildPhase section */
		D0411E3058061054EA9D9E05 /* Check Pods Manifest.lock */ = {
			isa = PBXShellScriptBuildPhase;
			buildActionMask = 2147483647;
			files = (
			);
			inputPaths = (
			);
			name = "Check Pods Manifest.lock";
			outputPaths = (
			);
			runOnlyForDeploymentPostprocessing = 0;
			shellPath = /bin/sh;
			shellScript = "diff \"${PODS_ROOT}/../Podfile.lock\" \"${PODS_ROOT}/Manifest.lock\" > /dev/null\nif [[ $? != 0 ]] ; then\n    cat << EOM\nerror: The sandbox is not in sync with the Podfile.lock. Run 'pod install' or update your CocoaPods installation.\nEOM\n    exit 1\nfi\n";
			showEnvVarsInLog = 0;
		};
		EB61C33D7B6B923CAE16D0ED /* Copy Pods Resources */ = {
			isa = PBXShellScriptBuildPhase;
			buildActionMask = 2147483647;
			files = (
			);
			inputPaths = (
			);
			name = "Copy Pods Resources";
			outputPaths = (
			);
			runOnlyForDeploymentPostprocessing = 0;
			shellPath = /bin/sh;
			shellScript = "\"${SRCROOT}/Pods/Target Support Files/Pods/Pods-resources.sh\"\n";
			showEnvVarsInLog = 0;
		};
/* End PBXShellScriptBuildPhase section */

/* Begin PBXSourcesBuildPhase section */
		D0342F2B1BC887E20048995B /* Sources */ = {
			isa = PBXSourcesBuildPhase;
			buildActionMask = 2147483647;
			files = (
				D0342F381BC887E20048995B /* AppDelegate.m in Sources */,
				D0342F351BC887E20048995B /* main.m in Sources */,
				D0AA4B641BC90B0600B68589 /* TargetTableViewCell.m in Sources */,
				D0AA4B491BC89B1E00B68589 /* Services.m in Sources */,
				D0AA4B581BC8CADD00B68589 /* Truck.m in Sources */,
				D0342F3E1BC887E20048995B /* ViewController.m in Sources */,
				D0342F3B1BC887E20048995B /* OzTrack.xcdatamodeld in Sources */,
				D0AA4B521BC8A5D400B68589 /* DetailViewController.m in Sources */,
				D0AA4B5B1BC8CB5B00B68589 /* Crusher.m in Sources */,
				D0AA4B551BC8C00B00B68589 /* BlendTarget.m in Sources */,
				D011F5261BC9FAD10084DDDF /* UIColor+HexColorCode.m in Sources */,
			);
			runOnlyForDeploymentPostprocessing = 0;
		};
		D0342F471BC887E20048995B /* Sources */ = {
			isa = PBXSourcesBuildPhase;
			buildActionMask = 2147483647;
			files = (
				D0342F521BC887E20048995B /* OzTrackTests.m in Sources */,
			);
			runOnlyForDeploymentPostprocessing = 0;
		};
/* End PBXSourcesBuildPhase section */

/* Begin PBXTargetDependency section */
		D0342F4D1BC887E20048995B /* PBXTargetDependency */ = {
			isa = PBXTargetDependency;
			target = D0342F2E1BC887E20048995B /* OzTrack */;
			targetProxy = D0342F4C1BC887E20048995B /* PBXContainerItemProxy */;
		};
/* End PBXTargetDependency section */

/* Begin PBXVariantGroup section */
		D0342F3F1BC887E20048995B /* Main.storyboard */ = {
			isa = PBXVariantGroup;
			children = (
				D0342F401BC887E20048995B /* Base */,
			);
			name = Main.storyboard;
			sourceTree = "<group>";
		};
		D0342F441BC887E20048995B /* LaunchScreen.xib */ = {
			isa = PBXVariantGroup;
			children = (
				D0342F451BC887E20048995B /* Base */,
			);
			name = LaunchScreen.xib;
			sourceTree = "<group>";
		};
/* End PBXVariantGroup section */

/* Begin XCBuildConfiguration section */
		D0342F531BC887E20048995B /* Debug */ = {
			isa = XCBuildConfiguration;
			buildSettings = {
				ALWAYS_SEARCH_USER_PATHS = NO;
				CLANG_CXX_LANGUAGE_STANDARD = "gnu++0x";
				CLANG_CXX_LIBRARY = "libc++";
				CLANG_ENABLE_MODULES = YES;
				CLANG_ENABLE_OBJC_ARC = YES;
				CLANG_WARN_BOOL_CONVERSION = YES;
				CLANG_WARN_CONSTANT_CONVERSION = YES;
				CLANG_WARN_DIRECT_OBJC_ISA_USAGE = YES_ERROR;
				CLANG_WARN_EMPTY_BODY = YES;
				CLANG_WARN_ENUM_CONVERSION = YES;
				CLANG_WARN_INT_CONVERSION = YES;
				CLANG_WARN_OBJC_ROOT_CLASS = YES_ERROR;
				CLANG_WARN_UNREACHABLE_CODE = YES;
				CLANG_WARN__DUPLICATE_METHOD_MATCH = YES;
				"CODE_SIGN_IDENTITY[sdk=iphoneos*]" = "iPhone Developer";
				COPY_PHASE_STRIP = NO;
				ENABLE_STRICT_OBJC_MSGSEND = YES;
				GCC_C_LANGUAGE_STANDARD = gnu99;
				GCC_DYNAMIC_NO_PIC = NO;
				GCC_OPTIMIZATION_LEVEL = 0;
				GCC_PREPROCESSOR_DEFINITIONS = (
					"DEBUG=1",
					"$(inherited)",
				);
				GCC_SYMBOLS_PRIVATE_EXTERN = NO;
				GCC_WARN_64_TO_32_BIT_CONVERSION = YES;
				GCC_WARN_ABOUT_RETURN_TYPE = YES_ERROR;
				GCC_WARN_UNDECLARED_SELECTOR = YES;
				GCC_WARN_UNINITIALIZED_AUTOS = YES_AGGRESSIVE;
				GCC_WARN_UNUSED_FUNCTION = YES;
				GCC_WARN_UNUSED_VARIABLE = YES;
				IPHONEOS_DEPLOYMENT_TARGET = 8.0;
				MTL_ENABLE_DEBUG_INFO = YES;
				ONLY_ACTIVE_ARCH = YES;
				SDKROOT = iphoneos;
				TARGETED_DEVICE_FAMILY = "1,2";
			};
			name = Debug;
		};
		D0342F541BC887E20048995B /* Release */ = {
			isa = XCBuildConfiguration;
			buildSettings = {
				ALWAYS_SEARCH_USER_PATHS = NO;
				CLANG_CXX_LANGUAGE_STANDARD = "gnu++0x";
				CLANG_CXX_LIBRARY = "libc++";
				CLANG_ENABLE_MODULES = YES;
				CLANG_ENABLE_OBJC_ARC = YES;
				CLANG_WARN_BOOL_CONVERSION = YES;
				CLANG_WARN_CONSTANT_CONVERSION = YES;
				CLANG_WARN_DIRECT_OBJC_ISA_USAGE = YES_ERROR;
				CLANG_WARN_EMPTY_BODY = YES;
				CLANG_WARN_ENUM_CONVERSION = YES;
				CLANG_WARN_INT_CONVERSION = YES;
				CLANG_WARN_OBJC_ROOT_CLASS = YES_ERROR;
				CLANG_WARN_UNREACHABLE_CODE = YES;
				CLANG_WARN__DUPLICATE_METHOD_MATCH = YES;
				"CODE_SIGN_IDENTITY[sdk=iphoneos*]" = "iPhone Developer";
				COPY_PHASE_STRIP = YES;
				ENABLE_NS_ASSERTIONS = NO;
				ENABLE_STRICT_OBJC_MSGSEND = YES;
				GCC_C_LANGUAGE_STANDARD = gnu99;
				GCC_WARN_64_TO_32_BIT_CONVERSION = YES;
				GCC_WARN_ABOUT_RETURN_TYPE = YES_ERROR;
				GCC_WARN_UNDECLARED_SELECTOR = YES;
				GCC_WARN_UNINITIALIZED_AUTOS = YES_AGGRESSIVE;
				GCC_WARN_UNUSED_FUNCTION = YES;
				GCC_WARN_UNUSED_VARIABLE = YES;
				IPHONEOS_DEPLOYMENT_TARGET = 8.0;
				MTL_ENABLE_DEBUG_INFO = NO;
				SDKROOT = iphoneos;
				TARGETED_DEVICE_FAMILY = "1,2";
				VALIDATE_PRODUCT = YES;
			};
			name = Release;
		};
		D0342F561BC887E20048995B /* Debug */ = {
			isa = XCBuildConfiguration;
			baseConfigurationReference = E97684DA9F84131D7788C8B0 /* Pods.debug.xcconfig */;
			buildSettings = {
				ASSETCATALOG_COMPILER_APPICON_NAME = AppIcon;
				GCC_PRECOMPILE_PREFIX_HEADER = YES;
				GCC_PREFIX_HEADER = PrefixHeader.pch;
				INFOPLIST_FILE = OzTrack/Info.plist;
				LD_RUNPATH_SEARCH_PATHS = "$(inherited) @executable_path/Frameworks";
				PRODUCT_NAME = "$(TARGET_NAME)";
			};
			name = Debug;
		};
		D0342F571BC887E20048995B /* Release */ = {
			isa = XCBuildConfiguration;
			baseConfigurationReference = 7BA484DCF624C6C4AD47EE68 /* Pods.release.xcconfig */;
			buildSettings = {
				ASSETCATALOG_COMPILER_APPICON_NAME = AppIcon;
				GCC_PRECOMPILE_PREFIX_HEADER = YES;
				GCC_PREFIX_HEADER = PrefixHeader.pch;
				INFOPLIST_FILE = OzTrack/Info.plist;
				LD_RUNPATH_SEARCH_PATHS = "$(inherited) @executable_path/Frameworks";
				PRODUCT_NAME = "$(TARGET_NAME)";
			};
			name = Release;
		};
		D0342F591BC887E20048995B /* Debug */ = {
			isa = XCBuildConfiguration;
			buildSettings = {
				BUNDLE_LOADER = "$(TEST_HOST)";
				FRAMEWORK_SEARCH_PATHS = (
					"$(SDKROOT)/Developer/Library/Frameworks",
					"$(inherited)",
				);
				GCC_PREPROCESSOR_DEFINITIONS = (
					"DEBUG=1",
					"$(inherited)",
				);
				INFOPLIST_FILE = OzTrackTests/Info.plist;
				LD_RUNPATH_SEARCH_PATHS = "$(inherited) @executable_path/Frameworks @loader_path/Frameworks";
				PRODUCT_NAME = "$(TARGET_NAME)";
				TEST_HOST = "$(BUILT_PRODUCTS_DIR)/OzTrack.app/OzTrack";
			};
			name = Debug;
		};
		D0342F5A1BC887E20048995B /* Release */ = {
			isa = XCBuildConfiguration;
			buildSettings = {
				BUNDLE_LOADER = "$(TEST_HOST)";
				FRAMEWORK_SEARCH_PATHS = (
					"$(SDKROOT)/Developer/Library/Frameworks",
					"$(inherited)",
				);
				INFOPLIST_FILE = OzTrackTests/Info.plist;
				LD_RUNPATH_SEARCH_PATHS = "$(inherited) @executable_path/Frameworks @loader_path/Frameworks";
				PRODUCT_NAME = "$(TARGET_NAME)";
				TEST_HOST = "$(BUILT_PRODUCTS_DIR)/OzTrack.app/OzTrack";
			};
			name = Release;
		};
/* End XCBuildConfiguration section */

/* Begin XCConfigurationList section */
		D0342F2A1BC887E20048995B /* Build configuration list for PBXProject "OzTrack" */ = {
			isa = XCConfigurationList;
			buildConfigurations = (
				D0342F531BC887E20048995B /* Debug */,
				D0342F541BC887E20048995B /* Release */,
			);
			defaultConfigurationIsVisible = 0;
			defaultConfigurationName = Release;
		};
		D0342F551BC887E20048995B /* Build configuration list for PBXNativeTarget "OzTrack" */ = {
			isa = XCConfigurationList;
			buildConfigurations = (
				D0342F561BC887E20048995B /* Debug */,
				D0342F571BC887E20048995B /* Release */,
			);
			defaultConfigurationIsVisible = 0;
			defaultConfigurationName = Release;
		};
		D0342F581BC887E20048995B /* Build configuration list for PBXNativeTarget "OzTrackTests" */ = {
			isa = XCConfigurationList;
			buildConfigurations = (
				D0342F591BC887E20048995B /* Debug */,
				D0342F5A1BC887E20048995B /* Release */,
			);
			defaultConfigurationIsVisible = 0;
			defaultConfigurationName = Release;
		};
/* End XCConfigurationList section */

/* Begin XCVersionGroup section */
		D0342F391BC887E20048995B /* OzTrack.xcdatamodeld */ = {
			isa = XCVersionGroup;
			children = (
				D0342F3A1BC887E20048995B /* OzTrack.xcdatamodel */,
			);
			currentVersion = D0342F3A1BC887E20048995B /* OzTrack.xcdatamodel */;
			path = OzTrack.xcdatamodeld;
			sourceTree = "<group>";
			versionGroupType = wrapper.xcdatamodel;
		};
/* End XCVersionGroup section */
	};
	rootObject = D0342F271BC887E20048995B /* Project object */;
}
